
Microsoft Visual Studio Solution File, Format Version 12.00
# Visual Studio Version 16
VisualStudioVersion = 16.0.30804.86
MinimumVisualStudioVersion = 10.0.40219.1
Project("{9A19103F-16F7-4668-BE54-9A1E7A4F7556}") = "Picro.Server", "Picro\Server\Picro.Server.csproj", "{1F5A0297-8A77-49D9-BE7F-925F650FC015}"
EndProject
Project("{9A19103F-16F7-4668-BE54-9A1E7A4F7556}") = "Picro.Client", "Picro\Client\Picro.Client.csproj", "{082FC6A9-DBD3-4351-BF99-90E25B5FA72E}"
EndProject
Project("{2150E333-8FDC-42A3-9474-1A3956D46DE8}") = "Common", "Common", "{91DA1351-1D10-40A5-AB95-39B8459FB6E6}"
EndProject
Project("{9A19103F-16F7-4668-BE54-9A1E7A4F7556}") = "Picro.Common", "Picro\Common\Picro.Common\Picro.Common.csproj", "{1D79CE30-C250-4D6E-BC52-7A36E126DE94}"
EndProject
Project("{E53339B2-1760-4266-BCC7-CA923CBCF16C}") = "docker-compose", "docker-compose.dcproj", "{4C821C34-73DA-4C09-92CA-5CE27E4A89B2}"
EndProject
Project("{9A19103F-16F7-4668-BE54-9A1E7A4F7556}") = "Picro.Common.Web", "Picro\Common\Picro.Common.Web\Picro.Common.Web.csproj", "{D439C768-C3AE-4F30-9EA6-DF3B80C9EEDC}"
EndProject
Project("{2150E333-8FDC-42A3-9474-1A3956D46DE8}") = "ServerModules", "ServerModules", "{93F9A0EE-0933-4068-BB2D-831FDE1E325B}"
EndProject
Project("{9A19103F-16F7-4668-BE54-9A1E7A4F7556}") = "Picro.Module.Image", "Picro\Common\Modules\Picro.Module.Image\Picro.Module.Image.csproj", "{B5222C37-5959-484F-88F0-0FBB4C878D0E}"
EndProject
Project("{9A19103F-16F7-4668-BE54-9A1E7A4F7556}") = "Picro.Module.Identity", "Picro\Common\Modules\Picro.Module.Identity\Picro.Module.Identity.csproj", "{A0870C01-DA88-4C64-AE03-2F8392BE6259}"
EndProject
Project("{9A19103F-16F7-4668-BE54-9A1E7A4F7556}") = "Picro.Common.Storage", "Picro\Common\Picro.Common.Storage\Picro.Common.Storage.csproj", "{F996E893-95B2-43AB-B5CC-1DDF7D92B599}"
EndProject
Project("{9A19103F-16F7-4668-BE54-9A1E7A4F7556}") = "Picro.Common.Caching", "Picro\Common\Picro.Common.Caching\Picro.Common.Caching.csproj", "{78E50C40-6B38-450F-96F6-1A8F12C86C34}"
EndProject
Project("{2150E333-8FDC-42A3-9474-1A3956D46DE8}") = "Commons", "Commons", "{DA68437C-A5A1-40F1-A239-84A9D38C9EAB}"
EndProject
Project("{9A19103F-16F7-4668-BE54-9A1E7A4F7556}") = "Picro.Common.Eventing", "Picro\Common\Picro.Common.Eventing\Picro.Common.Eventing.csproj", "{8E9D8CED-AEAD-48F5-94DE-71AF926E306A}"
EndProject
Project("{FAE04EC0-301F-11D3-BF4B-00C04F79EFBC}") = "Picro.Common.SignalR", "Picro\Common\Picro.Common.SignalR\Picro.Common.SignalR.csproj", "{BE1D9DB0-A920-4F84-B0FA-D87979D9DC28}"
EndProject
Global
	GlobalSection(SolutionConfigurationPlatforms) = preSolution
		Debug|Any CPU = Debug|Any CPU
		Release|Any CPU = Release|Any CPU
	EndGlobalSection
	GlobalSection(ProjectConfigurationPlatforms) = postSolution
		{1F5A0297-8A77-49D9-BE7F-925F650FC015}.Debug|Any CPU.ActiveCfg = Debug|Any CPU
		{1F5A0297-8A77-49D9-BE7F-925F650FC015}.Debug|Any CPU.Build.0 = Debug|Any CPU
		{1F5A0297-8A77-49D9-BE7F-925F650FC015}.Release|Any CPU.ActiveCfg = Release|Any CPU
		{1F5A0297-8A77-49D9-BE7F-925F650FC015}.Release|Any CPU.Build.0 = Release|Any CPU
		{082FC6A9-DBD3-4351-BF99-90E25B5FA72E}.Debug|Any CPU.ActiveCfg = Debug|Any CPU
		{082FC6A9-DBD3-4351-BF99-90E25B5FA72E}.Debug|Any CPU.Build.0 = Debug|Any CPU
		{082FC6A9-DBD3-4351-BF99-90E25B5FA72E}.Release|Any CPU.ActiveCfg = Release|Any CPU
		{082FC6A9-DBD3-4351-BF99-90E25B5FA72E}.Release|Any CPU.Build.0 = Release|Any CPU
		{1D79CE30-C250-4D6E-BC52-7A36E126DE94}.Debug|Any CPU.ActiveCfg = Debug|Any CPU
		{1D79CE30-C250-4D6E-BC52-7A36E126DE94}.Debug|Any CPU.Build.0 = Debug|Any CPU
		{1D79CE30-C250-4D6E-BC52-7A36E126DE94}.Release|Any CPU.ActiveCfg = Release|Any CPU
		{1D79CE30-C250-4D6E-BC52-7A36E126DE94}.Release|Any CPU.Build.0 = Release|Any CPU
		{4C821C34-73DA-4C09-92CA-5CE27E4A89B2}.Debug|Any CPU.ActiveCfg = Debug|Any CPU
		{4C821C34-73DA-4C09-92CA-5CE27E4A89B2}.Debug|Any CPU.Build.0 = Debug|Any CPU
		{4C821C34-73DA-4C09-92CA-5CE27E4A89B2}.Release|Any CPU.ActiveCfg = Release|Any CPU
		{4C821C34-73DA-4C09-92CA-5CE27E4A89B2}.Release|Any CPU.Build.0 = Release|Any CPU
		{D439C768-C3AE-4F30-9EA6-DF3B80C9EEDC}.Debug|Any CPU.ActiveCfg = Debug|Any CPU
		{D439C768-C3AE-4F30-9EA6-DF3B80C9EEDC}.Debug|Any CPU.Build.0 = Debug|Any CPU
		{D439C768-C3AE-4F30-9EA6-DF3B80C9EEDC}.Release|Any CPU.ActiveCfg = Release|Any CPU
		{D439C768-C3AE-4F30-9EA6-DF3B80C9EEDC}.Release|Any CPU.Build.0 = Release|Any CPU
		{B5222C37-5959-484F-88F0-0FBB4C878D0E}.Debug|Any CPU.ActiveCfg = Debug|Any CPU
		{B5222C37-5959-484F-88F0-0FBB4C878D0E}.Debug|Any CPU.Build.0 = Debug|Any CPU
		{B5222C37-5959-484F-88F0-0FBB4C878D0E}.Release|Any CPU.ActiveCfg = Release|Any CPU
		{B5222C37-5959-484F-88F0-0FBB4C878D0E}.Release|Any CPU.Build.0 = Release|Any CPU
		{A0870C01-DA88-4C64-AE03-2F8392BE6259}.Debug|Any CPU.ActiveCfg = Debug|Any CPU
		{A0870C01-DA88-4C64-AE03-2F8392BE6259}.Debug|Any CPU.Build.0 = Debug|Any CPU
		{A0870C01-DA88-4C64-AE03-2F8392BE6259}.Release|Any CPU.ActiveCfg = Release|Any CPU
		{A0870C01-DA88-4C64-AE03-2F8392BE6259}.Release|Any CPU.Build.0 = Release|Any CPU
		{F996E893-95B2-43AB-B5CC-1DDF7D92B599}.Debug|Any CPU.ActiveCfg = Debug|Any CPU
		{F996E893-95B2-43AB-B5CC-1DDF7D92B599}.Debug|Any CPU.Build.0 = Debug|Any CPU
		{F996E893-95B2-43AB-B5CC-1DDF7D92B599}.Release|Any CPU.ActiveCfg = Release|Any CPU
		{F996E893-95B2-43AB-B5CC-1DDF7D92B599}.Release|Any CPU.Build.0 = Release|Any CPU
		{78E50C40-6B38-450F-96F6-1A8F12C86C34}.Debug|Any CPU.ActiveCfg = Debug|Any CPU
		{78E50C40-6B38-450F-96F6-1A8F12C86C34}.Debug|Any CPU.Build.0 = Debug|Any CPU
		{78E50C40-6B38-450F-96F6-1A8F12C86C34}.Release|Any CPU.ActiveCfg = Release|Any CPU
		{78E50C40-6B38-450F-96F6-1A8F12C86C34}.Release|Any CPU.Build.0 = Release|Any CPU
		{8E9D8CED-AEAD-48F5-94DE-71AF926E306A}.Debug|Any CPU.ActiveCfg = Debug|Any CPU
		{8E9D8CED-AEAD-48F5-94DE-71AF926E306A}.Debug|Any CPU.Build.0 = Debug|Any CPU
		{8E9D8CED-AEAD-48F5-94DE-71AF926E306A}.Release|Any CPU.ActiveCfg = Release|Any CPU
		{8E9D8CED-AEAD-48F5-94DE-71AF926E306A}.Release|Any CPU.Build.0 = Release|Any CPU
		{BE1D9DB0-A920-4F84-B0FA-D87979D9DC28}.Debug|Any CPU.ActiveCfg = Debug|Any CPU
		{BE1D9DB0-A920-4F84-B0FA-D87979D9DC28}.Debug|Any CPU.Build.0 = Debug|Any CPU
		{BE1D9DB0-A920-4F84-B0FA-D87979D9DC28}.Release|Any CPU.ActiveCfg = Release|Any CPU
		{BE1D9DB0-A920-4F84-B0FA-D87979D9DC28}.Release|Any CPU.Build.0 = Release|Any CPU
	EndGlobalSection
	GlobalSection(SolutionProperties) = preSolution
		HideSolutionNode = FALSE
	EndGlobalSection
	GlobalSection(NestedProjects) = preSolution
		{1D79CE30-C250-4D6E-BC52-7A36E126DE94} = {DA68437C-A5A1-40F1-A239-84A9D38C9EAB}
		{D439C768-C3AE-4F30-9EA6-DF3B80C9EEDC} = {DA68437C-A5A1-40F1-A239-84A9D38C9EAB}
		{93F9A0EE-0933-4068-BB2D-831FDE1E325B} = {91DA1351-1D10-40A5-AB95-39B8459FB6E6}
		{B5222C37-5959-484F-88F0-0FBB4C878D0E} = {93F9A0EE-0933-4068-BB2D-831FDE1E325B}
		{A0870C01-DA88-4C64-AE03-2F8392BE6259} = {93F9A0EE-0933-4068-BB2D-831FDE1E325B}
		{F996E893-95B2-43AB-B5CC-1DDF7D92B599} = {DA68437C-A5A1-40F1-A239-84A9D38C9EAB}
		{78E50C40-6B38-450F-96F6-1A8F12C86C34} = {DA68437C-A5A1-40F1-A239-84A9D38C9EAB}
		{DA68437C-A5A1-40F1-A239-84A9D38C9EAB} = {91DA1351-1D10-40A5-AB95-39B8459FB6E6}
		{8E9D8CED-AEAD-48F5-94DE-71AF926E306A} = {DA68437C-A5A1-40F1-A239-84A9D38C9EAB}
		{BE1D9DB0-A920-4F84-B0FA-D87979D9DC28} = {DA68437C-A5A1-40F1-A239-84A9D38C9EAB}
	EndGlobalSection
	GlobalSection(ExtensibilityGlobals) = postSolution
		LessCompiler = 082fc6a9-dbd3-4351-bf99-90e25b5fa72e
		SolutionGuid = {42F8D789-6DDE-4F10-AEEF-84E6ED61F6CC}
	EndGlobalSection
EndGlobal
