
Microsoft Visual Studio Solution File, Format Version 12.00
# Visual Studio Version 16
VisualStudioVersion = 16.0.30804.86
MinimumVisualStudioVersion = 10.0.40219.1
Project("{9A19103F-16F7-4668-BE54-9A1E7A4F7556}") = "Picro.Server", "Picro\Server\Picro.Server.csproj", "{1F5A0297-8A77-49D9-BE7F-925F650FC015}"
EndProject
Project("{9A19103F-16F7-4668-BE54-9A1E7A4F7556}") = "Picro.Client", "Picro\Client\Picro.Client.csproj", "{082FC6A9-DBD3-4351-BF99-90E25B5FA72E}"
EndProject
Project("{2150E333-8FDC-42A3-9474-1A3956D46DE8}") = "Common", "Common", "{91DA1351-1D10-40A5-AB95-39B8459FB6E6}"
EndProject
Project("{FAE04EC0-301F-11D3-BF4B-00C04F79EFBC}") = "Picro.Common", "Picro\Common\Picro.Common\Picro.Common.csproj", "{1D79CE30-C250-4D6E-BC52-7A36E126DE94}"
EndProject
Global
	GlobalSection(SolutionConfigurationPlatforms) = preSolution
		Debug|Any CPU = Debug|Any CPU
		Release|Any CPU = Release|Any CPU
	EndGlobalSection
	GlobalSection(ProjectConfigurationPlatforms) = postSolution
		{1F5A0297-8A77-49D9-BE7F-925F650FC015}.Debug|Any CPU.ActiveCfg = Debug|Any CPU
		{1F5A0297-8A77-49D9-BE7F-925F650FC015}.Debug|Any CPU.Build.0 = Debug|Any CPU
		{1F5A0297-8A77-49D9-BE7F-925F650FC015}.Release|Any CPU.ActiveCfg = Release|Any CPU
		{1F5A0297-8A77-49D9-BE7F-925F650FC015}.Release|Any CPU.Build.0 = Release|Any CPU
		{082FC6A9-DBD3-4351-BF99-90E25B5FA72E}.Debug|Any CPU.ActiveCfg = Debug|Any CPU
		{082FC6A9-DBD3-4351-BF99-90E25B5FA72E}.Debug|Any CPU.Build.0 = Debug|Any CPU
		{082FC6A9-DBD3-4351-BF99-90E25B5FA72E}.Release|Any CPU.ActiveCfg = Release|Any CPU
		{082FC6A9-DBD3-4351-BF99-90E25B5FA72E}.Release|Any CPU.Build.0 = Release|Any CPU
		{1D79CE30-C250-4D6E-BC52-7A36E126DE94}.Debug|Any CPU.ActiveCfg = Debug|Any CPU
		{1D79CE30-C250-4D6E-BC52-7A36E126DE94}.Debug|Any CPU.Build.0 = Debug|Any CPU
		{1D79CE30-C250-4D6E-BC52-7A36E126DE94}.Release|Any CPU.ActiveCfg = Release|Any CPU
		{1D79CE30-C250-4D6E-BC52-7A36E126DE94}.Release|Any CPU.Build.0 = Release|Any CPU
	EndGlobalSection
	GlobalSection(SolutionProperties) = preSolution
		HideSolutionNode = FALSE
	EndGlobalSection
	GlobalSection(NestedProjects) = preSolution
		{1D79CE30-C250-4D6E-BC52-7A36E126DE94} = {91DA1351-1D10-40A5-AB95-39B8459FB6E6}
	EndGlobalSection
	GlobalSection(ExtensibilityGlobals) = postSolution
		SolutionGuid = {42F8D789-6DDE-4F10-AEEF-84E6ED61F6CC}
	EndGlobalSection
EndGlobal
